
Microsoft Visual Studio Solution File, Format Version 12.00
# Visual Studio Version 16
VisualStudioVersion = 16.0.30503.244
MinimumVisualStudioVersion = 10.0.40219.1
Project("{9A19103F-16F7-4668-BE54-9A1E7A4F7556}") = "SUS.HTTP", "SUS.HTTP\SUS.HTTP.csproj", "{EDACA900-29DA-44B3-8126-FE3F107336C5}"
EndProject
Project("{2150E333-8FDC-42A3-9474-1A3956D46DE8}") = "Apps", "Apps", "{72106B7E-7D07-4BB4-AC5B-0B3484A15AB3}"
EndProject
Project("{9A19103F-16F7-4668-BE54-9A1E7A4F7556}") = "SUS.MvcFramework", "SUS.MvcFramework\SUS.MvcFramework.csproj", "{BDCA4FD5-E6D1-4BA6-8643-E41E4D1440E3}"
EndProject
Project("{9A19103F-16F7-4668-BE54-9A1E7A4F7556}") = "MyFirstMVCApp", "Apps\MyFirstMVCApp\MyFirstMVCApp.csproj", "{64FC9B2C-FB3C-4D86-95FA-2B6D311DCC9A}"
EndProject
Project("{9A19103F-16F7-4668-BE54-9A1E7A4F7556}") = "SUS.MvcFramework.Tests", "SUS.MvcFramework.Tests\SUS.MvcFramework.Tests.csproj", "{0F3B5DD7-D42A-4C97-BD91-B1345D6CF1FA}"
EndProject
Project("{9A19103F-16F7-4668-BE54-9A1E7A4F7556}") = "Suls", "Apps\Suls\Suls.csproj", "{A33C4923-8941-4E95-84FB-0C0CDF21C7CE}"
EndProject
Global
	GlobalSection(SolutionConfigurationPlatforms) = preSolution
		Debug|Any CPU = Debug|Any CPU
		Release|Any CPU = Release|Any CPU
	EndGlobalSection
	GlobalSection(ProjectConfigurationPlatforms) = postSolution
		{EDACA900-29DA-44B3-8126-FE3F107336C5}.Debug|Any CPU.ActiveCfg = Debug|Any CPU
		{EDACA900-29DA-44B3-8126-FE3F107336C5}.Debug|Any CPU.Build.0 = Debug|Any CPU
		{EDACA900-29DA-44B3-8126-FE3F107336C5}.Release|Any CPU.ActiveCfg = Release|Any CPU
		{EDACA900-29DA-44B3-8126-FE3F107336C5}.Release|Any CPU.Build.0 = Release|Any CPU
		{BDCA4FD5-E6D1-4BA6-8643-E41E4D1440E3}.Debug|Any CPU.ActiveCfg = Debug|Any CPU
		{BDCA4FD5-E6D1-4BA6-8643-E41E4D1440E3}.Debug|Any CPU.Build.0 = Debug|Any CPU
		{BDCA4FD5-E6D1-4BA6-8643-E41E4D1440E3}.Release|Any CPU.ActiveCfg = Release|Any CPU
		{BDCA4FD5-E6D1-4BA6-8643-E41E4D1440E3}.Release|Any CPU.Build.0 = Release|Any CPU
		{64FC9B2C-FB3C-4D86-95FA-2B6D311DCC9A}.Debug|Any CPU.ActiveCfg = Debug|Any CPU
		{64FC9B2C-FB3C-4D86-95FA-2B6D311DCC9A}.Debug|Any CPU.Build.0 = Debug|Any CPU
		{64FC9B2C-FB3C-4D86-95FA-2B6D311DCC9A}.Release|Any CPU.ActiveCfg = Release|Any CPU
		{64FC9B2C-FB3C-4D86-95FA-2B6D311DCC9A}.Release|Any CPU.Build.0 = Release|Any CPU
		{0F3B5DD7-D42A-4C97-BD91-B1345D6CF1FA}.Debug|Any CPU.ActiveCfg = Debug|Any CPU
		{0F3B5DD7-D42A-4C97-BD91-B1345D6CF1FA}.Debug|Any CPU.Build.0 = Debug|Any CPU
		{0F3B5DD7-D42A-4C97-BD91-B1345D6CF1FA}.Release|Any CPU.ActiveCfg = Release|Any CPU
		{0F3B5DD7-D42A-4C97-BD91-B1345D6CF1FA}.Release|Any CPU.Build.0 = Release|Any CPU
		{A33C4923-8941-4E95-84FB-0C0CDF21C7CE}.Debug|Any CPU.ActiveCfg = Debug|Any CPU
		{A33C4923-8941-4E95-84FB-0C0CDF21C7CE}.Debug|Any CPU.Build.0 = Debug|Any CPU
		{A33C4923-8941-4E95-84FB-0C0CDF21C7CE}.Release|Any CPU.ActiveCfg = Release|Any CPU
		{A33C4923-8941-4E95-84FB-0C0CDF21C7CE}.Release|Any CPU.Build.0 = Release|Any CPU
	EndGlobalSection
	GlobalSection(SolutionProperties) = preSolution
		HideSolutionNode = FALSE
	EndGlobalSection
	GlobalSection(NestedProjects) = preSolution
		{64FC9B2C-FB3C-4D86-95FA-2B6D311DCC9A} = {72106B7E-7D07-4BB4-AC5B-0B3484A15AB3}
		{A33C4923-8941-4E95-84FB-0C0CDF21C7CE} = {72106B7E-7D07-4BB4-AC5B-0B3484A15AB3}
	EndGlobalSection
	GlobalSection(ExtensibilityGlobals) = postSolution
		SolutionGuid = {674E0559-5A0C-420C-8F74-12431C1D362F}
	EndGlobalSection
EndGlobal
